
Microsoft Visual Studio Solution File, Format Version 12.00
# Visual Studio Version 17
VisualStudioVersion = 17.1.31911.260
MinimumVisualStudioVersion = 10.0.40219.1
Project("{9A19103F-16F7-4668-BE54-9A1E7A4F7556}") = "CryptoBotCore", "CryptoBotCore\CryptoBotCore.csproj", "{6F35ECF7-EF01-4473-A344-2FBD0C3D36D5}"
EndProject
Project("{9A19103F-16F7-4668-BE54-9A1E7A4F7556}") = "CryptoBotFunction", "CryptoBotFunction\CryptoBotFunction.csproj", "{E6C11A63-713F-4653-9514-8A65ACDAF036}"
EndProject
Project("{FAE04EC0-301F-11D3-BF4B-00C04F79EFBC}") = "SoloMinatorNotifier", "SoloMinatorNotifier\SoloMinatorNotifier.csproj", "{68825CBF-987E-4F0E-BB9F-E57CB3F8BA17}"
EndProject
Project("{FAE04EC0-301F-11D3-BF4B-00C04F79EFBC}") = "SoloMinator", "SoloMinator\SoloMinator.csproj", "{ABDA335A-4002-4922-9BB2-AB25C4F2102F}"
EndProject
Global
	GlobalSection(SolutionConfigurationPlatforms) = preSolution
		Debug|Any CPU = Debug|Any CPU
		Debug|x64 = Debug|x64
		Debug|x86 = Debug|x86
		Release|Any CPU = Release|Any CPU
		Release|x64 = Release|x64
		Release|x86 = Release|x86
		Test|Any CPU = Test|Any CPU
		Test|x64 = Test|x64
		Test|x86 = Test|x86
	EndGlobalSection
	GlobalSection(ProjectConfigurationPlatforms) = postSolution
		{6F35ECF7-EF01-4473-A344-2FBD0C3D36D5}.Debug|Any CPU.ActiveCfg = Debug|Any CPU
		{6F35ECF7-EF01-4473-A344-2FBD0C3D36D5}.Debug|Any CPU.Build.0 = Debug|Any CPU
		{6F35ECF7-EF01-4473-A344-2FBD0C3D36D5}.Debug|x64.ActiveCfg = Debug|Any CPU
		{6F35ECF7-EF01-4473-A344-2FBD0C3D36D5}.Debug|x64.Build.0 = Debug|Any CPU
		{6F35ECF7-EF01-4473-A344-2FBD0C3D36D5}.Debug|x86.ActiveCfg = Debug|Any CPU
		{6F35ECF7-EF01-4473-A344-2FBD0C3D36D5}.Debug|x86.Build.0 = Debug|Any CPU
		{6F35ECF7-EF01-4473-A344-2FBD0C3D36D5}.Release|Any CPU.ActiveCfg = Release|Any CPU
		{6F35ECF7-EF01-4473-A344-2FBD0C3D36D5}.Release|Any CPU.Build.0 = Release|Any CPU
		{6F35ECF7-EF01-4473-A344-2FBD0C3D36D5}.Release|x64.ActiveCfg = Release|Any CPU
		{6F35ECF7-EF01-4473-A344-2FBD0C3D36D5}.Release|x64.Build.0 = Release|Any CPU
		{6F35ECF7-EF01-4473-A344-2FBD0C3D36D5}.Release|x86.ActiveCfg = Release|Any CPU
		{6F35ECF7-EF01-4473-A344-2FBD0C3D36D5}.Release|x86.Build.0 = Release|Any CPU
		{6F35ECF7-EF01-4473-A344-2FBD0C3D36D5}.Test|Any CPU.ActiveCfg = Test|Any CPU
		{6F35ECF7-EF01-4473-A344-2FBD0C3D36D5}.Test|Any CPU.Build.0 = Test|Any CPU
		{6F35ECF7-EF01-4473-A344-2FBD0C3D36D5}.Test|x64.ActiveCfg = Test|Any CPU
		{6F35ECF7-EF01-4473-A344-2FBD0C3D36D5}.Test|x64.Build.0 = Test|Any CPU
		{6F35ECF7-EF01-4473-A344-2FBD0C3D36D5}.Test|x86.ActiveCfg = Test|Any CPU
		{6F35ECF7-EF01-4473-A344-2FBD0C3D36D5}.Test|x86.Build.0 = Test|Any CPU
		{E6C11A63-713F-4653-9514-8A65ACDAF036}.Debug|Any CPU.ActiveCfg = Debug|Any CPU
		{E6C11A63-713F-4653-9514-8A65ACDAF036}.Debug|Any CPU.Build.0 = Debug|Any CPU
		{E6C11A63-713F-4653-9514-8A65ACDAF036}.Debug|x64.ActiveCfg = Debug|Any CPU
		{E6C11A63-713F-4653-9514-8A65ACDAF036}.Debug|x64.Build.0 = Debug|Any CPU
		{E6C11A63-713F-4653-9514-8A65ACDAF036}.Debug|x86.ActiveCfg = Debug|Any CPU
		{E6C11A63-713F-4653-9514-8A65ACDAF036}.Debug|x86.Build.0 = Debug|Any CPU
		{E6C11A63-713F-4653-9514-8A65ACDAF036}.Release|Any CPU.ActiveCfg = Release|Any CPU
		{E6C11A63-713F-4653-9514-8A65ACDAF036}.Release|Any CPU.Build.0 = Release|Any CPU
		{E6C11A63-713F-4653-9514-8A65ACDAF036}.Release|x64.ActiveCfg = Release|Any CPU
		{E6C11A63-713F-4653-9514-8A65ACDAF036}.Release|x64.Build.0 = Release|Any CPU
		{E6C11A63-713F-4653-9514-8A65ACDAF036}.Release|x86.ActiveCfg = Release|Any CPU
		{E6C11A63-713F-4653-9514-8A65ACDAF036}.Release|x86.Build.0 = Release|Any CPU
		{E6C11A63-713F-4653-9514-8A65ACDAF036}.Test|Any CPU.ActiveCfg = Test|Any CPU
		{E6C11A63-713F-4653-9514-8A65ACDAF036}.Test|Any CPU.Build.0 = Test|Any CPU
		{E6C11A63-713F-4653-9514-8A65ACDAF036}.Test|x64.ActiveCfg = Test|Any CPU
		{E6C11A63-713F-4653-9514-8A65ACDAF036}.Test|x64.Build.0 = Test|Any CPU
		{E6C11A63-713F-4653-9514-8A65ACDAF036}.Test|x86.ActiveCfg = Test|Any CPU
		{E6C11A63-713F-4653-9514-8A65ACDAF036}.Test|x86.Build.0 = Test|Any CPU
		{68825CBF-987E-4F0E-BB9F-E57CB3F8BA17}.Debug|Any CPU.ActiveCfg = Debug|Any CPU
		{68825CBF-987E-4F0E-BB9F-E57CB3F8BA17}.Debug|Any CPU.Build.0 = Debug|Any CPU
		{68825CBF-987E-4F0E-BB9F-E57CB3F8BA17}.Debug|x64.ActiveCfg = Debug|Any CPU
		{68825CBF-987E-4F0E-BB9F-E57CB3F8BA17}.Debug|x64.Build.0 = Debug|Any CPU
		{68825CBF-987E-4F0E-BB9F-E57CB3F8BA17}.Debug|x86.ActiveCfg = Debug|Any CPU
		{68825CBF-987E-4F0E-BB9F-E57CB3F8BA17}.Debug|x86.Build.0 = Debug|Any CPU
		{68825CBF-987E-4F0E-BB9F-E57CB3F8BA17}.Release|Any CPU.ActiveCfg = Release|Any CPU
		{68825CBF-987E-4F0E-BB9F-E57CB3F8BA17}.Release|Any CPU.Build.0 = Release|Any CPU
		{68825CBF-987E-4F0E-BB9F-E57CB3F8BA17}.Release|x64.ActiveCfg = Release|Any CPU
		{68825CBF-987E-4F0E-BB9F-E57CB3F8BA17}.Release|x64.Build.0 = Release|Any CPU
		{68825CBF-987E-4F0E-BB9F-E57CB3F8BA17}.Release|x86.ActiveCfg = Release|Any CPU
		{68825CBF-987E-4F0E-BB9F-E57CB3F8BA17}.Release|x86.Build.0 = Release|Any CPU
		{68825CBF-987E-4F0E-BB9F-E57CB3F8BA17}.Test|Any CPU.ActiveCfg = Debug|Any CPU
		{68825CBF-987E-4F0E-BB9F-E57CB3F8BA17}.Test|Any CPU.Build.0 = Debug|Any CPU
		{68825CBF-987E-4F0E-BB9F-E57CB3F8BA17}.Test|x64.ActiveCfg = Test|Any CPU
		{68825CBF-987E-4F0E-BB9F-E57CB3F8BA17}.Test|x64.Build.0 = Test|Any CPU
		{68825CBF-987E-4F0E-BB9F-E57CB3F8BA17}.Test|x86.ActiveCfg = Test|Any CPU
		{68825CBF-987E-4F0E-BB9F-E57CB3F8BA17}.Test|x86.Build.0 = Test|Any CPU
		{ABDA335A-4002-4922-9BB2-AB25C4F2102F}.Debug|Any CPU.ActiveCfg = Debug|Any CPU
		{ABDA335A-4002-4922-9BB2-AB25C4F2102F}.Debug|Any CPU.Build.0 = Debug|Any CPU
		{ABDA335A-4002-4922-9BB2-AB25C4F2102F}.Debug|x64.ActiveCfg = Debug|Any CPU
		{ABDA335A-4002-4922-9BB2-AB25C4F2102F}.Debug|x64.Build.0 = Debug|Any CPU
		{ABDA335A-4002-4922-9BB2-AB25C4F2102F}.Debug|x86.ActiveCfg = Debug|Any CPU
		{ABDA335A-4002-4922-9BB2-AB25C4F2102F}.Debug|x86.Build.0 = Debug|Any CPU
		{ABDA335A-4002-4922-9BB2-AB25C4F2102F}.Release|Any CPU.ActiveCfg = Release|Any CPU
		{ABDA335A-4002-4922-9BB2-AB25C4F2102F}.Release|Any CPU.Build.0 = Release|Any CPU
		{ABDA335A-4002-4922-9BB2-AB25C4F2102F}.Release|x64.ActiveCfg = Release|Any CPU
		{ABDA335A-4002-4922-9BB2-AB25C4F2102F}.Release|x64.Build.0 = Release|Any CPU
		{ABDA335A-4002-4922-9BB2-AB25C4F2102F}.Release|x86.ActiveCfg = Release|Any CPU
		{ABDA335A-4002-4922-9BB2-AB25C4F2102F}.Release|x86.Build.0 = Release|Any CPU
		{ABDA335A-4002-4922-9BB2-AB25C4F2102F}.Test|Any CPU.ActiveCfg = Debug|Any CPU
		{ABDA335A-4002-4922-9BB2-AB25C4F2102F}.Test|Any CPU.Build.0 = Debug|Any CPU
		{ABDA335A-4002-4922-9BB2-AB25C4F2102F}.Test|x64.ActiveCfg = Debug|Any CPU
		{ABDA335A-4002-4922-9BB2-AB25C4F2102F}.Test|x64.Build.0 = Debug|Any CPU
		{ABDA335A-4002-4922-9BB2-AB25C4F2102F}.Test|x86.ActiveCfg = Debug|Any CPU
		{ABDA335A-4002-4922-9BB2-AB25C4F2102F}.Test|x86.Build.0 = Debug|Any CPU
	EndGlobalSection
	GlobalSection(SolutionProperties) = preSolution
		HideSolutionNode = FALSE
	EndGlobalSection
	GlobalSection(ExtensibilityGlobals) = postSolution
		SolutionGuid = {EA0E7683-FE10-4E30-8F3A-BF10CA9339A2}
	EndGlobalSection
EndGlobal
